// !$*UTF8*$!
{
	archiveVersion = 1;
	classes = {
	};
	objectVersion = 46;
	objects = {
/* Begin PBXBuildFile section */
		0207DA581B56EA530066E2B4 /* Images.xcassets in Resources */ = {isa = PBXBuildFile; fileRef = 0207DA571B56EA530066E2B4 /* Images.xcassets */; };
		1D3623260D0F684500981E51 /* AppDelegate.m in Sources */ = {isa = PBXBuildFile; fileRef = 1D3623250D0F684500981E51 /* AppDelegate.m */; };
		1D60589B0D05DD56006BFB54 /* main.m in Sources */ = {isa = PBXBuildFile; fileRef = 29B97316FDCFA39411CA2CEA /* main.m */; };
		301BF552109A68D80062928A /* libCordova.a in Frameworks */ = {isa = PBXBuildFile; fileRef = 301BF535109A57CC0062928A /* libCordova.a */; };
		302D95F114D2391D003F00A1 /* MainViewController.m in Sources */ = {isa = PBXBuildFile; fileRef = 302D95EF14D2391D003F00A1 /* MainViewController.m */; };
		302D95F214D2391D003F00A1 /* MainViewController.xib in Resources */ = {isa = PBXBuildFile; fileRef = 302D95F014D2391D003F00A1 /* MainViewController.xib */; };
		3047A5121AB8059700498E2A /* build-debug.xcconfig in Resources */ = {isa = PBXBuildFile; fileRef = 3047A50F1AB8059700498E2A /* build-debug.xcconfig */; };
		3047A5131AB8059700498E2A /* build-release.xcconfig in Resources */ = {isa = PBXBuildFile; fileRef = 3047A5101AB8059700498E2A /* build-release.xcconfig */; };
		3047A5141AB8059700498E2A /* build.xcconfig in Resources */ = {isa = PBXBuildFile; fileRef = 3047A5111AB8059700498E2A /* build.xcconfig */; };
		A4F83ABF0485486482118229 /* RMPHelper.m in Sources */ = {isa = PBXBuildFile; fileRef = ED16ECB3A4954A4E9E2A7596 /* RMPHelper.m */; };
		A66727F1959B4A52812CD03C /* RMPLinkManager.m in Sources */ = {isa = PBXBuildFile; fileRef = 52ABF5EDB2134146B9BFE390 /* RMPLinkManager.m */; };
		91F90B83BFF54261BFF20617 /* RMPShareManager.m in Sources */ = {isa = PBXBuildFile; fileRef = 8CA993A95C5C4EE696A433D7 /* RMPShareManager.m */; };
		AB893B1989474C4887D92E35 /* RMPLoggerManager.m in Sources */ = {isa = PBXBuildFile; fileRef = F35CD8C0894F4B33BD35A984 /* RMPLoggerManager.m */; };
		3431EA4B2FEC4A8DBA3FC463 /* RMPPromoManager.m in Sources */ = {isa = PBXBuildFile; fileRef = D0E5057E38E3456BA559F989 /* RMPPromoManager.m */; };
		AD824B231D2847599708E46C /* RMPReferralManager.m in Sources */ = {isa = PBXBuildFile; fileRef = 45C419FC94AE44598DC22554 /* RMPReferralManager.m */; };
		F02AA25A49864EAEB7380EC6 /* RMPPortalManager.m in Sources */ = {isa = PBXBuildFile; fileRef = 03EC116069274915AEF2B47E /* RMPPortalManager.m */; };
		DC646B3501EA418BBD402C4C /* RMPPushManager.m in Sources */ = {isa = PBXBuildFile; fileRef = 8D55890AA1D24B4F9494BA8E /* RMPPushManager.m */; };
		44D54A07E44C4A519200AA6C /* ROKOLink+ROKOLinkMapper.m in Sources */ = {isa = PBXBuildFile; fileRef = 6373A2CF78CC4450B2900EBC /* ROKOLink+ROKOLinkMapper.m */; };
		9241C4B113504D47A6D1F383 /* ROKODiscountItem+ROKODiscountItemMapper.m in Sources */ = {isa = PBXBuildFile; fileRef = BA556F58A6E3402BB87D8327 /* ROKODiscountItem+ROKODiscountItemMapper.m */; };
		72F4D356C9244E9FA902EEAB /* ROKOPromoDiscountItem+ROKOPromoDiscountItemMapper.m in Sources */ = {isa = PBXBuildFile; fileRef = F1EB668E2C3F4862A4BE04A6 /* ROKOPromoDiscountItem+ROKOPromoDiscountItemMapper.m */; };
		D98D6502A6364F0980440311 /* ROKOReferralDiscountItem+ROKOReferralDiscountItemMapper.m in Sources */ = {isa = PBXBuildFile; fileRef = 9D1A69DD291A4F39B2A1CCF5 /* ROKOReferralDiscountItem+ROKOReferralDiscountItemMapper.m */; };
		A2A7160840CB4AA0B01C9FE8 /* ROKOReferralDiscountInfo+ROKOReferralDiscountInfoMapper.m in Sources */ = {isa = PBXBuildFile; fileRef = C4C66A333A4C4C5383A2D1CD /* ROKOReferralDiscountInfo+ROKOReferralDiscountInfoMapper.m */; };
		0EE8DCB8B7FD41028003153E /* ROKOReferralCampaignInfo+ROKOReferralCampaignInfoMapper.m in Sources */ = {isa = PBXBuildFile; fileRef = F3988283E8B8416FBE94F541 /* ROKOReferralCampaignInfo+ROKOReferralCampaignInfoMapper.m */; };
		6452162FC53D42C89729FFA6 /* ROKOPortalInfo+ROKOPortalInfoMapper.m in Sources */ = {isa = PBXBuildFile; fileRef = 772A707B7EFF494AA0388BF5 /* ROKOPortalInfo+ROKOPortalInfoMapper.m */; };
		3C9F395E907E4EBFAA255CE7 /* ROKOUserObject+ROKOUserObjectMapper.m in Sources */ = {isa = PBXBuildFile; fileRef = 14D6C92492F244E69CE8E9A0 /* ROKOUserObject+ROKOUserObjectMapper.m */; };
		02F80733D471411B8004D128 /* ROKOSessionInfo+ROKOSessionInfoMapper.m in Sources */ = {isa = PBXBuildFile; fileRef = F724A7BC9B2442709A76E2A2 /* ROKOSessionInfo+ROKOSessionInfoMapper.m */; };
		AB403F1086FB4DEC836E30C2 /* EKCoreDataImporter.m in Sources */ = {isa = PBXBuildFile; fileRef = 5EEF19A1F5654448877FE8A8 /* EKCoreDataImporter.m */; };
		B336074CBCF34B93AA42F2FA /* EKManagedObjectMapper.m in Sources */ = {isa = PBXBuildFile; fileRef = E098E640D3BE4DC0BB21F9DA /* EKManagedObjectMapper.m */; };
		E3E9867CC9BC4CD8BC2C244C /* EKManagedObjectMapping.m in Sources */ = {isa = PBXBuildFile; fileRef = 67DAA93599FF4C2DA4448F03 /* EKManagedObjectMapping.m */; };
		FD225998B6E14F3B99A9BC84 /* EKManagedObjectModel.m in Sources */ = {isa = PBXBuildFile; fileRef = 0F31179CCD764B7993D71393 /* EKManagedObjectModel.m */; };
		5BCB8CA3C49D43AA8C8F35D5 /* EKMapper.m in Sources */ = {isa = PBXBuildFile; fileRef = C4C8441E74734A8DB42B38A7 /* EKMapper.m */; };
		B8F73A5EA37348FD8CA089AC /* EKMappingBlocks.m in Sources */ = {isa = PBXBuildFile; fileRef = 55B76665845B49A28C458716 /* EKMappingBlocks.m */; };
		58AABDB4C8B6465C88BE3113 /* EKObjectMapping.m in Sources */ = {isa = PBXBuildFile; fileRef = 7B150621FB67425782F4DBDD /* EKObjectMapping.m */; };
		4C84AB59D29144A9AF25D6F3 /* EKObjectModel.m in Sources */ = {isa = PBXBuildFile; fileRef = 565CBA807CF34D09BEADC003 /* EKObjectModel.m */; };
		802314FFD2BF41EF9758E4BE /* EKPropertyHelper.m in Sources */ = {isa = PBXBuildFile; fileRef = BF58AA41EADA48338582D89F /* EKPropertyHelper.m */; };
		B4BCF41B2D694ECDB2F4877A /* EKPropertyMapping.m in Sources */ = {isa = PBXBuildFile; fileRef = F89A90B75F644AEA9AC1075B /* EKPropertyMapping.m */; };
		1DD2309F31374B7DB09BAA54 /* EKRelationshipMapping.m in Sources */ = {isa = PBXBuildFile; fileRef = 303D63108A8946F584AF450E /* EKRelationshipMapping.m */; };
		2EF07A80D33E48C68A5C7960 /* EKSerializer.m in Sources */ = {isa = PBXBuildFile; fileRef = 8B86B8E955E747488B923E3A /* EKSerializer.m */; };
		77689F1674724A2AB0B55BC1 /* NSArray+FlattenArray.m in Sources */ = {isa = PBXBuildFile; fileRef = 61ABB9E8BBDF43B193562AC3 /* NSArray+FlattenArray.m */; };
		EBC8B342DDE2435683564B68 /* NSDateFormatter+EasyMappingAdditions.m in Sources */ = {isa = PBXBuildFile; fileRef = 3F47E521BF68491D8EDAC9B5 /* NSDateFormatter+EasyMappingAdditions.m */; };
		AD4B9A30073B4555A73918A3 /* ROKOMobi.framework in Frameworks */ = {isa = PBXBuildFile; fileRef = E7AC336327574B9BBB5A3918 /* ROKOMobi.framework */; };
/* End PBXBuildFile section */

/* Begin PBXContainerItemProxy section */
		301BF534109A57CC0062928A /* PBXContainerItemProxy */ = {
			isa = PBXContainerItemProxy;
			containerPortal = 301BF52D109A57CC0062928A /* CordovaLib.xcodeproj */;
			proxyType = 2;
			remoteGlobalIDString = D2AAC07E0554694100DB518D;
			remoteInfo = CordovaLib;
		};
		301BF550109A68C00062928A /* PBXContainerItemProxy */ = {
			isa = PBXContainerItemProxy;
			containerPortal = 301BF52D109A57CC0062928A /* CordovaLib.xcodeproj */;
			proxyType = 1;
			remoteGlobalIDString = D2AAC07D0554694100DB518D;
			remoteInfo = CordovaLib;
		};
/* End PBXContainerItemProxy section */

/* Begin PBXFileReference section */
		0207DA571B56EA530066E2B4 /* Images.xcassets */ = {isa = PBXFileReference; lastKnownFileType = folder.assetcatalog; name = Images.xcassets; path = "CordovaTest/Images.xcassets"; sourceTree = SOURCE_ROOT; };
		1D3623240D0F684500981E51 /* AppDelegate.h */ = {isa = PBXFileReference; fileEncoding = 4; lastKnownFileType = sourcecode.c.h; path = AppDelegate.h; sourceTree = "<group>"; };
		1D3623250D0F684500981E51 /* AppDelegate.m */ = {isa = PBXFileReference; fileEncoding = 4; lastKnownFileType = sourcecode.c.objc; path = AppDelegate.m; sourceTree = "<group>"; };
		1D6058910D05DD3D006BFB54 /* CordovaTest.app */ = {isa = PBXFileReference; explicitFileType = wrapper.application; includeInIndex = 0; path = "CordovaTest.app"; sourceTree = BUILT_PRODUCTS_DIR; };
		29B97316FDCFA39411CA2CEA /* main.m */ = {isa = PBXFileReference; fileEncoding = 4; lastKnownFileType = sourcecode.c.objc; path = main.m; sourceTree = "<group>"; };
		301BF52D109A57CC0062928A /* CordovaLib.xcodeproj */ = {isa = PBXFileReference; lastKnownFileType = "wrapper.pb-project"; name = CordovaLib.xcodeproj; path = CordovaLib/CordovaLib.xcodeproj; sourceTree = "<group>"; };
		301BF56E109A69640062928A /* www */ = {isa = PBXFileReference; lastKnownFileType = folder; path = www; sourceTree = SOURCE_ROOT; };
		302D95EE14D2391D003F00A1 /* MainViewController.h */ = {isa = PBXFileReference; fileEncoding = 4; lastKnownFileType = sourcecode.c.h; path = MainViewController.h; sourceTree = "<group>"; };
		302D95EF14D2391D003F00A1 /* MainViewController.m */ = {isa = PBXFileReference; fileEncoding = 4; lastKnownFileType = sourcecode.c.objc; path = MainViewController.m; sourceTree = "<group>"; };
		302D95F014D2391D003F00A1 /* MainViewController.xib */ = {isa = PBXFileReference; fileEncoding = 4; lastKnownFileType = file.xib; path = MainViewController.xib; sourceTree = "<group>"; };
		3047A50F1AB8059700498E2A /* build-debug.xcconfig */ = {isa = PBXFileReference; fileEncoding = 4; lastKnownFileType = text.xcconfig; name = "build-debug.xcconfig"; path = cordova/build-debug.xcconfig; sourceTree = SOURCE_ROOT; };
		3047A5101AB8059700498E2A /* build-release.xcconfig */ = {isa = PBXFileReference; fileEncoding = 4; lastKnownFileType = text.xcconfig; name = "build-release.xcconfig"; path = cordova/build-release.xcconfig; sourceTree = SOURCE_ROOT; };
		3047A5111AB8059700498E2A /* build.xcconfig */ = {isa = PBXFileReference; fileEncoding = 4; lastKnownFileType = text.xcconfig; name = build.xcconfig; path = cordova/build.xcconfig; sourceTree = SOURCE_ROOT; };
		32CA4F630368D1EE00C91783 /* CordovaTest-Prefix.pch */ = {isa = PBXFileReference; fileEncoding = 4; lastKnownFileType = sourcecode.c.h; path = "CordovaTest-Prefix.pch"; sourceTree = "<group>"; };
		8D1107310486CEB800E47090 /* CordovaTest-Info.plist */ = {isa = PBXFileReference; fileEncoding = 4; lastKnownFileType = text.plist.xml; name = "CordovaTest-Info.plist"; path = "CordovaTest/CordovaTest-Info.plist"; plistStructureDefinitionIdentifier = "com.apple.xcode.plist.structure-definition.iphone.info-plist"; sourceTree = SOURCE_ROOT; };
		EB87FDF31871DA8E0020F90C /* www */ = {isa = PBXFileReference; lastKnownFileType = folder; name = www; path = ../../www; sourceTree = "<group>"; };
		EB87FDF41871DAF40020F90C /* config.xml */ = {isa = PBXFileReference; lastKnownFileType = text.xml; name = config.xml; path = ../../config.xml; sourceTree = "<group>"; };
		F840E1F0165FE0F500CFE078 /* config.xml */ = {isa = PBXFileReference; lastKnownFileType = text.xml; name = config.xml; path = "CordovaTest/config.xml"; sourceTree = "<group>"; };
		ED33DF2A687741AEAF9F8254 /* Bridging-Header.h */ = {isa = PBXFileReference; fileEncoding = 4; lastKnownFileType = sourcecode.c.h; name = "Bridging-Header.h"; path = "Bridging-Header.h"; sourceTree = "<group>"; };
		ED16ECB3A4954A4E9E2A7596 /* RMPHelper.m */ = {isa = PBXFileReference; name = "RMPHelper.m"; path = "com.rokolabs.rokomobi/RokoMobi/RMPHelper.m"; sourceTree = "<group>"; fileEncoding = 4; lastKnownFileType = sourcecode.c.objc; explicitFileType = undefined; includeInIndex = 0; };
		52ABF5EDB2134146B9BFE390 /* RMPLinkManager.m */ = {isa = PBXFileReference; name = "RMPLinkManager.m"; path = "com.rokolabs.rokomobi/RokoMobi/RMPLinkManager.m"; sourceTree = "<group>"; fileEncoding = 4; lastKnownFileType = sourcecode.c.objc; explicitFileType = undefined; includeInIndex = 0; };
		8CA993A95C5C4EE696A433D7 /* RMPShareManager.m */ = {isa = PBXFileReference; name = "RMPShareManager.m"; path = "com.rokolabs.rokomobi/RokoMobi/RMPShareManager.m"; sourceTree = "<group>"; fileEncoding = 4; lastKnownFileType = sourcecode.c.objc; explicitFileType = undefined; includeInIndex = 0; };
		F35CD8C0894F4B33BD35A984 /* RMPLoggerManager.m */ = {isa = PBXFileReference; name = "RMPLoggerManager.m"; path = "com.rokolabs.rokomobi/RokoMobi/RMPLoggerManager.m"; sourceTree = "<group>"; fileEncoding = 4; lastKnownFileType = sourcecode.c.objc; explicitFileType = undefined; includeInIndex = 0; };
		D0E5057E38E3456BA559F989 /* RMPPromoManager.m */ = {isa = PBXFileReference; name = "RMPPromoManager.m"; path = "com.rokolabs.rokomobi/RokoMobi/RMPPromoManager.m"; sourceTree = "<group>"; fileEncoding = 4; lastKnownFileType = sourcecode.c.objc; explicitFileType = undefined; includeInIndex = 0; };
		45C419FC94AE44598DC22554 /* RMPReferralManager.m */ = {isa = PBXFileReference; name = "RMPReferralManager.m"; path = "com.rokolabs.rokomobi/RokoMobi/RMPReferralManager.m"; sourceTree = "<group>"; fileEncoding = 4; lastKnownFileType = sourcecode.c.objc; explicitFileType = undefined; includeInIndex = 0; };
		03EC116069274915AEF2B47E /* RMPPortalManager.m */ = {isa = PBXFileReference; name = "RMPPortalManager.m"; path = "com.rokolabs.rokomobi/RokoMobi/RMPPortalManager.m"; sourceTree = "<group>"; fileEncoding = 4; lastKnownFileType = sourcecode.c.objc; explicitFileType = undefined; includeInIndex = 0; };
		8D55890AA1D24B4F9494BA8E /* RMPPushManager.m */ = {isa = PBXFileReference; name = "RMPPushManager.m"; path = "com.rokolabs.rokomobi/RokoMobi/RMPPushManager.m"; sourceTree = "<group>"; fileEncoding = 4; lastKnownFileType = sourcecode.c.objc; explicitFileType = undefined; includeInIndex = 0; };
		6373A2CF78CC4450B2900EBC /* ROKOLink+ROKOLinkMapper.m */ = {isa = PBXFileReference; name = "ROKOLink+ROKOLinkMapper.m"; path = "com.rokolabs.rokomobi/RokoMobi/Mappers/ROKOLink+ROKOLinkMapper.m"; sourceTree = "<group>"; fileEncoding = 4; lastKnownFileType = sourcecode.c.objc; explicitFileType = undefined; includeInIndex = 0; };
		BA556F58A6E3402BB87D8327 /* ROKODiscountItem+ROKODiscountItemMapper.m */ = {isa = PBXFileReference; name = "ROKODiscountItem+ROKODiscountItemMapper.m"; path = "com.rokolabs.rokomobi/RokoMobi/Mappers/ROKODiscountItem+ROKODiscountItemMapper.m"; sourceTree = "<group>"; fileEncoding = 4; lastKnownFileType = sourcecode.c.objc; explicitFileType = undefined; includeInIndex = 0; };
		F1EB668E2C3F4862A4BE04A6 /* ROKOPromoDiscountItem+ROKOPromoDiscountItemMapper.m */ = {isa = PBXFileReference; name = "ROKOPromoDiscountItem+ROKOPromoDiscountItemMapper.m"; path = "com.rokolabs.rokomobi/RokoMobi/Mappers/ROKOPromoDiscountItem+ROKOPromoDiscountItemMapper.m"; sourceTree = "<group>"; fileEncoding = 4; lastKnownFileType = sourcecode.c.objc; explicitFileType = undefined; includeInIndex = 0; };
		9D1A69DD291A4F39B2A1CCF5 /* ROKOReferralDiscountItem+ROKOReferralDiscountItemMapper.m */ = {isa = PBXFileReference; name = "ROKOReferralDiscountItem+ROKOReferralDiscountItemMapper.m"; path = "com.rokolabs.rokomobi/RokoMobi/Mappers/ROKOReferralDiscountItem+ROKOReferralDiscountItemMapper.m"; sourceTree = "<group>"; fileEncoding = 4; lastKnownFileType = sourcecode.c.objc; explicitFileType = undefined; includeInIndex = 0; };
		C4C66A333A4C4C5383A2D1CD /* ROKOReferralDiscountInfo+ROKOReferralDiscountInfoMapper.m */ = {isa = PBXFileReference; name = "ROKOReferralDiscountInfo+ROKOReferralDiscountInfoMapper.m"; path = "com.rokolabs.rokomobi/RokoMobi/Mappers/ROKOReferralDiscountInfo+ROKOReferralDiscountInfoMapper.m"; sourceTree = "<group>"; fileEncoding = 4; lastKnownFileType = sourcecode.c.objc; explicitFileType = undefined; includeInIndex = 0; };
		F3988283E8B8416FBE94F541 /* ROKOReferralCampaignInfo+ROKOReferralCampaignInfoMapper.m */ = {isa = PBXFileReference; name = "ROKOReferralCampaignInfo+ROKOReferralCampaignInfoMapper.m"; path = "com.rokolabs.rokomobi/RokoMobi/Mappers/ROKOReferralCampaignInfo+ROKOReferralCampaignInfoMapper.m"; sourceTree = "<group>"; fileEncoding = 4; lastKnownFileType = sourcecode.c.objc; explicitFileType = undefined; includeInIndex = 0; };
		772A707B7EFF494AA0388BF5 /* ROKOPortalInfo+ROKOPortalInfoMapper.m */ = {isa = PBXFileReference; name = "ROKOPortalInfo+ROKOPortalInfoMapper.m"; path = "com.rokolabs.rokomobi/RokoMobi/Mappers/ROKOPortalInfo+ROKOPortalInfoMapper.m"; sourceTree = "<group>"; fileEncoding = 4; lastKnownFileType = sourcecode.c.objc; explicitFileType = undefined; includeInIndex = 0; };
		14D6C92492F244E69CE8E9A0 /* ROKOUserObject+ROKOUserObjectMapper.m */ = {isa = PBXFileReference; name = "ROKOUserObject+ROKOUserObjectMapper.m"; path = "com.rokolabs.rokomobi/RokoMobi/Mappers/ROKOUserObject+ROKOUserObjectMapper.m"; sourceTree = "<group>"; fileEncoding = 4; lastKnownFileType = sourcecode.c.objc; explicitFileType = undefined; includeInIndex = 0; };
		F724A7BC9B2442709A76E2A2 /* ROKOSessionInfo+ROKOSessionInfoMapper.m */ = {isa = PBXFileReference; name = "ROKOSessionInfo+ROKOSessionInfoMapper.m"; path = "com.rokolabs.rokomobi/RokoMobi/Mappers/ROKOSessionInfo+ROKOSessionInfoMapper.m"; sourceTree = "<group>"; fileEncoding = 4; lastKnownFileType = sourcecode.c.objc; explicitFileType = undefined; includeInIndex = 0; };
		5EEF19A1F5654448877FE8A8 /* EKCoreDataImporter.m */ = {isa = PBXFileReference; name = "EKCoreDataImporter.m"; path = "com.rokolabs.rokomobi/RokoMobi/EasyMapping/EKCoreDataImporter.m"; sourceTree = "<group>"; fileEncoding = 4; lastKnownFileType = sourcecode.c.objc; explicitFileType = undefined; includeInIndex = 0; };
		E098E640D3BE4DC0BB21F9DA /* EKManagedObjectMapper.m */ = {isa = PBXFileReference; name = "EKManagedObjectMapper.m"; path = "com.rokolabs.rokomobi/RokoMobi/EasyMapping/EKManagedObjectMapper.m"; sourceTree = "<group>"; fileEncoding = 4; lastKnownFileType = sourcecode.c.objc; explicitFileType = undefined; includeInIndex = 0; };
		67DAA93599FF4C2DA4448F03 /* EKManagedObjectMapping.m */ = {isa = PBXFileReference; name = "EKManagedObjectMapping.m"; path = "com.rokolabs.rokomobi/RokoMobi/EasyMapping/EKManagedObjectMapping.m"; sourceTree = "<group>"; fileEncoding = 4; lastKnownFileType = sourcecode.c.objc; explicitFileType = undefined; includeInIndex = 0; };
		0F31179CCD764B7993D71393 /* EKManagedObjectModel.m */ = {isa = PBXFileReference; name = "EKManagedObjectModel.m"; path = "com.rokolabs.rokomobi/RokoMobi/EasyMapping/EKManagedObjectModel.m"; sourceTree = "<group>"; fileEncoding = 4; lastKnownFileType = sourcecode.c.objc; explicitFileType = undefined; includeInIndex = 0; };
		C4C8441E74734A8DB42B38A7 /* EKMapper.m */ = {isa = PBXFileReference; name = "EKMapper.m"; path = "com.rokolabs.rokomobi/RokoMobi/EasyMapping/EKMapper.m"; sourceTree = "<group>"; fileEncoding = 4; lastKnownFileType = sourcecode.c.objc; explicitFileType = undefined; includeInIndex = 0; };
		55B76665845B49A28C458716 /* EKMappingBlocks.m */ = {isa = PBXFileReference; name = "EKMappingBlocks.m"; path = "com.rokolabs.rokomobi/RokoMobi/EasyMapping/EKMappingBlocks.m"; sourceTree = "<group>"; fileEncoding = 4; lastKnownFileType = sourcecode.c.objc; explicitFileType = undefined; includeInIndex = 0; };
		7B150621FB67425782F4DBDD /* EKObjectMapping.m */ = {isa = PBXFileReference; name = "EKObjectMapping.m"; path = "com.rokolabs.rokomobi/RokoMobi/EasyMapping/EKObjectMapping.m"; sourceTree = "<group>"; fileEncoding = 4; lastKnownFileType = sourcecode.c.objc; explicitFileType = undefined; includeInIndex = 0; };
		565CBA807CF34D09BEADC003 /* EKObjectModel.m */ = {isa = PBXFileReference; name = "EKObjectModel.m"; path = "com.rokolabs.rokomobi/RokoMobi/EasyMapping/EKObjectModel.m"; sourceTree = "<group>"; fileEncoding = 4; lastKnownFileType = sourcecode.c.objc; explicitFileType = undefined; includeInIndex = 0; };
		BF58AA41EADA48338582D89F /* EKPropertyHelper.m */ = {isa = PBXFileReference; name = "EKPropertyHelper.m"; path = "com.rokolabs.rokomobi/RokoMobi/EasyMapping/EKPropertyHelper.m"; sourceTree = "<group>"; fileEncoding = 4; lastKnownFileType = sourcecode.c.objc; explicitFileType = undefined; includeInIndex = 0; };
		F89A90B75F644AEA9AC1075B /* EKPropertyMapping.m */ = {isa = PBXFileReference; name = "EKPropertyMapping.m"; path = "com.rokolabs.rokomobi/RokoMobi/EasyMapping/EKPropertyMapping.m"; sourceTree = "<group>"; fileEncoding = 4; lastKnownFileType = sourcecode.c.objc; explicitFileType = undefined; includeInIndex = 0; };
		303D63108A8946F584AF450E /* EKRelationshipMapping.m */ = {isa = PBXFileReference; name = "EKRelationshipMapping.m"; path = "com.rokolabs.rokomobi/RokoMobi/EasyMapping/EKRelationshipMapping.m"; sourceTree = "<group>"; fileEncoding = 4; lastKnownFileType = sourcecode.c.objc; explicitFileType = undefined; includeInIndex = 0; };
		8B86B8E955E747488B923E3A /* EKSerializer.m */ = {isa = PBXFileReference; name = "EKSerializer.m"; path = "com.rokolabs.rokomobi/RokoMobi/EasyMapping/EKSerializer.m"; sourceTree = "<group>"; fileEncoding = 4; lastKnownFileType = sourcecode.c.objc; explicitFileType = undefined; includeInIndex = 0; };
		61ABB9E8BBDF43B193562AC3 /* NSArray+FlattenArray.m */ = {isa = PBXFileReference; name = "NSArray+FlattenArray.m"; path = "com.rokolabs.rokomobi/RokoMobi/EasyMapping/NSArray+FlattenArray.m"; sourceTree = "<group>"; fileEncoding = 4; lastKnownFileType = sourcecode.c.objc; explicitFileType = undefined; includeInIndex = 0; };
		3F47E521BF68491D8EDAC9B5 /* NSDateFormatter+EasyMappingAdditions.m */ = {isa = PBXFileReference; name = "NSDateFormatter+EasyMappingAdditions.m"; path = "com.rokolabs.rokomobi/RokoMobi/EasyMapping/NSDateFormatter+EasyMappingAdditions.m"; sourceTree = "<group>"; fileEncoding = 4; lastKnownFileType = sourcecode.c.objc; explicitFileType = undefined; includeInIndex = 0; };
		01D8E1F6DBB24BE194E615F7 /* RMPHelper.h */ = {isa = PBXFileReference; name = "RMPHelper.h"; path = "com.rokolabs.rokomobi/RokoMobi/RMPHelper.h"; sourceTree = "<group>"; fileEncoding = 4; lastKnownFileType = sourcecode.c.h; explicitFileType = undefined; includeInIndex = 0; };
		E22A94C94C974A569D7D93A5 /* RMPLinkManager.h */ = {isa = PBXFileReference; name = "RMPLinkManager.h"; path = "com.rokolabs.rokomobi/RokoMobi/RMPLinkManager.h"; sourceTree = "<group>"; fileEncoding = 4; lastKnownFileType = sourcecode.c.h; explicitFileType = undefined; includeInIndex = 0; };
		635CD776A865449B9B743850 /* RMPShareManager.h */ = {isa = PBXFileReference; name = "RMPShareManager.h"; path = "com.rokolabs.rokomobi/RokoMobi/RMPShareManager.h"; sourceTree = "<group>"; fileEncoding = 4; lastKnownFileType = sourcecode.c.h; explicitFileType = undefined; includeInIndex = 0; };
		431D3E9C38C24314A686B843 /* RMPLoggerManager.h */ = {isa = PBXFileReference; name = "RMPLoggerManager.h"; path = "com.rokolabs.rokomobi/RokoMobi/RMPLoggerManager.h"; sourceTree = "<group>"; fileEncoding = 4; lastKnownFileType = sourcecode.c.h; explicitFileType = undefined; includeInIndex = 0; };
		D576E0B7CF4643E8BDCB255B /* RMPPromoManager.h */ = {isa = PBXFileReference; name = "RMPPromoManager.h"; path = "com.rokolabs.rokomobi/RokoMobi/RMPPromoManager.h"; sourceTree = "<group>"; fileEncoding = 4; lastKnownFileType = sourcecode.c.h; explicitFileType = undefined; includeInIndex = 0; };
		91B209F431044F2588B93921 /* RMPReferralManager.h */ = {isa = PBXFileReference; name = "RMPReferralManager.h"; path = "com.rokolabs.rokomobi/RokoMobi/RMPReferralManager.h"; sourceTree = "<group>"; fileEncoding = 4; lastKnownFileType = sourcecode.c.h; explicitFileType = undefined; includeInIndex = 0; };
		0DBC1DE07ABC4592BA6DDBB5 /* RMPPortalManager.h */ = {isa = PBXFileReference; name = "RMPPortalManager.h"; path = "com.rokolabs.rokomobi/RokoMobi/RMPPortalManager.h"; sourceTree = "<group>"; fileEncoding = 4; lastKnownFileType = sourcecode.c.h; explicitFileType = undefined; includeInIndex = 0; };
		4A9468DCE109402E895A6D8F /* RMPPushManager.h */ = {isa = PBXFileReference; name = "RMPPushManager.h"; path = "com.rokolabs.rokomobi/RokoMobi/RMPPushManager.h"; sourceTree = "<group>"; fileEncoding = 4; lastKnownFileType = sourcecode.c.h; explicitFileType = undefined; includeInIndex = 0; };
		1F8D066887084C6FB9289A4B /* ROKOLink+ROKOLinkMapper.h */ = {isa = PBXFileReference; name = "ROKOLink+ROKOLinkMapper.h"; path = "com.rokolabs.rokomobi/RokoMobi/Mappers/ROKOLink+ROKOLinkMapper.h"; sourceTree = "<group>"; fileEncoding = 4; lastKnownFileType = sourcecode.c.h; explicitFileType = undefined; includeInIndex = 0; };
		695B2D0BDF934929A18B608D /* ROKODiscountItem+ROKODiscountItemMapper.h */ = {isa = PBXFileReference; name = "ROKODiscountItem+ROKODiscountItemMapper.h"; path = "com.rokolabs.rokomobi/RokoMobi/Mappers/ROKODiscountItem+ROKODiscountItemMapper.h"; sourceTree = "<group>"; fileEncoding = 4; lastKnownFileType = sourcecode.c.h; explicitFileType = undefined; includeInIndex = 0; };
		250FBACC52ED4C80B8126DDE /* ROKOPromoDiscountItem+ROKOPromoDiscountItemMapper.h */ = {isa = PBXFileReference; name = "ROKOPromoDiscountItem+ROKOPromoDiscountItemMapper.h"; path = "com.rokolabs.rokomobi/RokoMobi/Mappers/ROKOPromoDiscountItem+ROKOPromoDiscountItemMapper.h"; sourceTree = "<group>"; fileEncoding = 4; lastKnownFileType = sourcecode.c.h; explicitFileType = undefined; includeInIndex = 0; };
		284E2E2D933640C2930235B6 /* ROKOReferralDiscountItem+ROKOReferralDiscountItemMapper.h */ = {isa = PBXFileReference; name = "ROKOReferralDiscountItem+ROKOReferralDiscountItemMapper.h"; path = "com.rokolabs.rokomobi/RokoMobi/Mappers/ROKOReferralDiscountItem+ROKOReferralDiscountItemMapper.h"; sourceTree = "<group>"; fileEncoding = 4; lastKnownFileType = sourcecode.c.h; explicitFileType = undefined; includeInIndex = 0; };
		4D009CF71DDE4E3A8EDB640C /* ROKOReferralDiscountInfo+ROKOReferralDiscountInfoMapper.h */ = {isa = PBXFileReference; name = "ROKOReferralDiscountInfo+ROKOReferralDiscountInfoMapper.h"; path = "com.rokolabs.rokomobi/RokoMobi/Mappers/ROKOReferralDiscountInfo+ROKOReferralDiscountInfoMapper.h"; sourceTree = "<group>"; fileEncoding = 4; lastKnownFileType = sourcecode.c.h; explicitFileType = undefined; includeInIndex = 0; };
		DC74465556E94E2588EC3C04 /* ROKOReferralCampaignInfo+ROKOReferralCampaignInfoMapper.h */ = {isa = PBXFileReference; name = "ROKOReferralCampaignInfo+ROKOReferralCampaignInfoMapper.h"; path = "com.rokolabs.rokomobi/RokoMobi/Mappers/ROKOReferralCampaignInfo+ROKOReferralCampaignInfoMapper.h"; sourceTree = "<group>"; fileEncoding = 4; lastKnownFileType = sourcecode.c.h; explicitFileType = undefined; includeInIndex = 0; };
		A8F4BE113B314A99A405FF19 /* ROKOPortalInfo+ROKOPortalInfoMapper.h */ = {isa = PBXFileReference; name = "ROKOPortalInfo+ROKOPortalInfoMapper.h"; path = "com.rokolabs.rokomobi/RokoMobi/Mappers/ROKOPortalInfo+ROKOPortalInfoMapper.h"; sourceTree = "<group>"; fileEncoding = 4; lastKnownFileType = sourcecode.c.h; explicitFileType = undefined; includeInIndex = 0; };
		FF5DE1A17BA24DDB9D3188C5 /* ROKOUserObject+ROKOUserObjectMapper.h */ = {isa = PBXFileReference; name = "ROKOUserObject+ROKOUserObjectMapper.h"; path = "com.rokolabs.rokomobi/RokoMobi/Mappers/ROKOUserObject+ROKOUserObjectMapper.h"; sourceTree = "<group>"; fileEncoding = 4; lastKnownFileType = sourcecode.c.h; explicitFileType = undefined; includeInIndex = 0; };
		D41A1807F4AF4083A584F396 /* ROKOSessionInfo+ROKOSessionInfoMapper.h */ = {isa = PBXFileReference; name = "ROKOSessionInfo+ROKOSessionInfoMapper.h"; path = "com.rokolabs.rokomobi/RokoMobi/Mappers/ROKOSessionInfo+ROKOSessionInfoMapper.h"; sourceTree = "<group>"; fileEncoding = 4; lastKnownFileType = sourcecode.c.h; explicitFileType = undefined; includeInIndex = 0; };
		118DB87A69EA44F5ABFC0543 /* EasyMapping.h */ = {isa = PBXFileReference; name = "EasyMapping.h"; path = "com.rokolabs.rokomobi/RokoMobi/EasyMapping/EasyMapping.h"; sourceTree = "<group>"; fileEncoding = 4; lastKnownFileType = sourcecode.c.h; explicitFileType = undefined; includeInIndex = 0; };
		0ACFBF09773B4DC2B6C02ECF /* EKCoreDataImporter.h */ = {isa = PBXFileReference; name = "EKCoreDataImporter.h"; path = "com.rokolabs.rokomobi/RokoMobi/EasyMapping/EKCoreDataImporter.h"; sourceTree = "<group>"; fileEncoding = 4; lastKnownFileType = sourcecode.c.h; explicitFileType = undefined; includeInIndex = 0; };
		69050660329648A3934036D2 /* EKManagedObjectMapper.h */ = {isa = PBXFileReference; name = "EKManagedObjectMapper.h"; path = "com.rokolabs.rokomobi/RokoMobi/EasyMapping/EKManagedObjectMapper.h"; sourceTree = "<group>"; fileEncoding = 4; lastKnownFileType = sourcecode.c.h; explicitFileType = undefined; includeInIndex = 0; };
		65F4B7CF2F8147478607500A /* EKManagedObjectMapping.h */ = {isa = PBXFileReference; name = "EKManagedObjectMapping.h"; path = "com.rokolabs.rokomobi/RokoMobi/EasyMapping/EKManagedObjectMapping.h"; sourceTree = "<group>"; fileEncoding = 4; lastKnownFileType = sourcecode.c.h; explicitFileType = undefined; includeInIndex = 0; };
		3B8D44F9DBE749968945EA5B /* EKManagedObjectModel.h */ = {isa = PBXFileReference; name = "EKManagedObjectModel.h"; path = "com.rokolabs.rokomobi/RokoMobi/EasyMapping/EKManagedObjectModel.h"; sourceTree = "<group>"; fileEncoding = 4; lastKnownFileType = sourcecode.c.h; explicitFileType = undefined; includeInIndex = 0; };
		3B6F113893114B1CB998A887 /* EKMapper.h */ = {isa = PBXFileReference; name = "EKMapper.h"; path = "com.rokolabs.rokomobi/RokoMobi/EasyMapping/EKMapper.h"; sourceTree = "<group>"; fileEncoding = 4; lastKnownFileType = sourcecode.c.h; explicitFileType = undefined; includeInIndex = 0; };
		B25535C2588144A2B81067C0 /* EKMappingBlocks.h */ = {isa = PBXFileReference; name = "EKMappingBlocks.h"; path = "com.rokolabs.rokomobi/RokoMobi/EasyMapping/EKMappingBlocks.h"; sourceTree = "<group>"; fileEncoding = 4; lastKnownFileType = sourcecode.c.h; explicitFileType = undefined; includeInIndex = 0; };
		D7E2AC6978DC4E1581F48A09 /* EKMappingProtocol.h */ = {isa = PBXFileReference; name = "EKMappingProtocol.h"; path = "com.rokolabs.rokomobi/RokoMobi/EasyMapping/EKMappingProtocol.h"; sourceTree = "<group>"; fileEncoding = 4; lastKnownFileType = sourcecode.c.h; explicitFileType = undefined; includeInIndex = 0; };
		4DD8082B0799475FA3F98D1B /* EKObjectMapping.h */ = {isa = PBXFileReference; name = "EKObjectMapping.h"; path = "com.rokolabs.rokomobi/RokoMobi/EasyMapping/EKObjectMapping.h"; sourceTree = "<group>"; fileEncoding = 4; lastKnownFileType = sourcecode.c.h; explicitFileType = undefined; includeInIndex = 0; };
		070A4FC901C1407B93406F88 /* EKObjectModel.h */ = {isa = PBXFileReference; name = "EKObjectModel.h"; path = "com.rokolabs.rokomobi/RokoMobi/EasyMapping/EKObjectModel.h"; sourceTree = "<group>"; fileEncoding = 4; lastKnownFileType = sourcecode.c.h; explicitFileType = undefined; includeInIndex = 0; };
		ADEB078DBF2D4DF39090699A /* EKPropertyHelper.h */ = {isa = PBXFileReference; name = "EKPropertyHelper.h"; path = "com.rokolabs.rokomobi/RokoMobi/EasyMapping/EKPropertyHelper.h"; sourceTree = "<group>"; fileEncoding = 4; lastKnownFileType = sourcecode.c.h; explicitFileType = undefined; includeInIndex = 0; };
		A8D5283392BD4C5DB08EF5E0 /* EKPropertyMapping.h */ = {isa = PBXFileReference; name = "EKPropertyMapping.h"; path = "com.rokolabs.rokomobi/RokoMobi/EasyMapping/EKPropertyMapping.h"; sourceTree = "<group>"; fileEncoding = 4; lastKnownFileType = sourcecode.c.h; explicitFileType = undefined; includeInIndex = 0; };
		355BD16B078046C7A0561550 /* EKRelationshipMapping.h */ = {isa = PBXFileReference; name = "EKRelationshipMapping.h"; path = "com.rokolabs.rokomobi/RokoMobi/EasyMapping/EKRelationshipMapping.h"; sourceTree = "<group>"; fileEncoding = 4; lastKnownFileType = sourcecode.c.h; explicitFileType = undefined; includeInIndex = 0; };
		22A5D77D344D4750A814F411 /* EKSerializer.h */ = {isa = PBXFileReference; name = "EKSerializer.h"; path = "com.rokolabs.rokomobi/RokoMobi/EasyMapping/EKSerializer.h"; sourceTree = "<group>"; fileEncoding = 4; lastKnownFileType = sourcecode.c.h; explicitFileType = undefined; includeInIndex = 0; };
		79245D1C905C4FA495E01EFA /* NSArray+FlattenArray.h */ = {isa = PBXFileReference; name = "NSArray+FlattenArray.h"; path = "com.rokolabs.rokomobi/RokoMobi/EasyMapping/NSArray+FlattenArray.h"; sourceTree = "<group>"; fileEncoding = 4; lastKnownFileType = sourcecode.c.h; explicitFileType = undefined; includeInIndex = 0; };
		64B41C48290B4BC78B09AD93 /* NSDateFormatter+EasyMappingAdditions.h */ = {isa = PBXFileReference; name = "NSDateFormatter+EasyMappingAdditions.h"; path = "com.rokolabs.rokomobi/RokoMobi/EasyMapping/NSDateFormatter+EasyMappingAdditions.h"; sourceTree = "<group>"; fileEncoding = 4; lastKnownFileType = sourcecode.c.h; explicitFileType = undefined; includeInIndex = 0; };
		E7AC336327574B9BBB5A3918 /* ROKOMobi.framework */ = {isa = PBXFileReference; name = "ROKOMobi.framework"; path = "CordovaTest/Plugins/com.rokolabs.rokomobi/ROKOMobi.framework"; sourceTree = "<group>"; fileEncoding = undefined; lastKnownFileType = wrapper.framework; explicitFileType = undefined; includeInIndex = 0; };
/* End PBXFileReference section */

/* Begin PBXFrameworksBuildPhase section */
		1D60588F0D05DD3D006BFB54 /* Frameworks */ = {
			isa = PBXFrameworksBuildPhase;
			buildActionMask = 2147483647;
			files = (
				301BF552109A68D80062928A /* libCordova.a in Frameworks */,
				AD4B9A30073B4555A73918A3 /* ROKOMobi.framework in Frameworks */,
			);
			runOnlyForDeploymentPostprocessing = 0;
		};
/* End PBXFrameworksBuildPhase section */

/* Begin PBXGroup section */
		080E96DDFE201D6D7F000001 /* Classes */ = {
			isa = PBXGroup;
			children = (
				302D95EE14D2391D003F00A1 /* MainViewController.h */,
				302D95EF14D2391D003F00A1 /* MainViewController.m */,
				302D95F014D2391D003F00A1 /* MainViewController.xib */,
				1D3623240D0F684500981E51 /* AppDelegate.h */,
				1D3623250D0F684500981E51 /* AppDelegate.m */,
			);
			name = Classes;
			path = "CordovaTest/Classes";
			sourceTree = SOURCE_ROOT;
		};
		19C28FACFE9D520D11CA2CBB /* Products */ = {
			isa = PBXGroup;
			children = (
				1D6058910D05DD3D006BFB54 /* CordovaTest.app */,
			);
			name = Products;
			sourceTree = "<group>";
		};
		29B97314FDCFA39411CA2CEA /* CustomTemplate */ = {
			isa = PBXGroup;
			children = (
				EB87FDF41871DAF40020F90C /* config.xml */,
				EB87FDF31871DA8E0020F90C /* www */,
				EB87FDF11871DA420020F90C /* Staging */,
				301BF52D109A57CC0062928A /* CordovaLib.xcodeproj */,
				080E96DDFE201D6D7F000001 /* Classes */,
				307C750510C5A3420062BCA9 /* Plugins */,
				29B97315FDCFA39411CA2CEA /* Other Sources */,
				29B97317FDCFA39411CA2CEA /* Resources */,
				29B97323FDCFA39411CA2CEA /* Frameworks */,
				19C28FACFE9D520D11CA2CBB /* Products */,
			);
			name = CustomTemplate;
			sourceTree = "<group>";
		};
		29B97315FDCFA39411CA2CEA /* Other Sources */ = {
			isa = PBXGroup;
			children = (
				32CA4F630368D1EE00C91783 /* CordovaTest-Prefix.pch */,
				29B97316FDCFA39411CA2CEA /* main.m */,
				ED33DF2A687741AEAF9F8254 /* Bridging-Header.h */,
			);
			name = "Other Sources";
			path = "CordovaTest";
			sourceTree = "<group>";
		};
		29B97317FDCFA39411CA2CEA /* Resources */ = {
			isa = PBXGroup;
			children = (
				0207DA571B56EA530066E2B4 /* Images.xcassets */,
				3047A50E1AB8057F00498E2A /* config */,
				8D1107310486CEB800E47090 /* CordovaTest-Info.plist */,
			);
			name = Resources;
			path = "CordovaTest/Resources";
			sourceTree = "<group>";
		};
		29B97323FDCFA39411CA2CEA /* Frameworks */ = {
			isa = PBXGroup;
			children = (
				E7AC336327574B9BBB5A3918 /* ROKOMobi.framework */,
			);
			name = Frameworks;
			sourceTree = "<group>";
		};
		301BF52E109A57CC0062928A /* Products */ = {
			isa = PBXGroup;
			children = (
				301BF535109A57CC0062928A /* libCordova.a */,
			);
			name = Products;
			sourceTree = "<group>";
		};
		3047A50E1AB8057F00498E2A /* config */ = {
			isa = PBXGroup;
			children = (
				3047A50F1AB8059700498E2A /* build-debug.xcconfig */,
				3047A5101AB8059700498E2A /* build-release.xcconfig */,
				3047A5111AB8059700498E2A /* build.xcconfig */,
			);
			name = config;
			sourceTree = "<group>";
		};
		307C750510C5A3420062BCA9 /* Plugins */ = {
			isa = PBXGroup;
			children = (
				ED16ECB3A4954A4E9E2A7596 /* RMPHelper.m */,
				52ABF5EDB2134146B9BFE390 /* RMPLinkManager.m */,
				8CA993A95C5C4EE696A433D7 /* RMPShareManager.m */,
				F35CD8C0894F4B33BD35A984 /* RMPLoggerManager.m */,
				D0E5057E38E3456BA559F989 /* RMPPromoManager.m */,
				45C419FC94AE44598DC22554 /* RMPReferralManager.m */,
				03EC116069274915AEF2B47E /* RMPPortalManager.m */,
				8D55890AA1D24B4F9494BA8E /* RMPPushManager.m */,
				6373A2CF78CC4450B2900EBC /* ROKOLink+ROKOLinkMapper.m */,
				BA556F58A6E3402BB87D8327 /* ROKODiscountItem+ROKODiscountItemMapper.m */,
				F1EB668E2C3F4862A4BE04A6 /* ROKOPromoDiscountItem+ROKOPromoDiscountItemMapper.m */,
				9D1A69DD291A4F39B2A1CCF5 /* ROKOReferralDiscountItem+ROKOReferralDiscountItemMapper.m */,
				C4C66A333A4C4C5383A2D1CD /* ROKOReferralDiscountInfo+ROKOReferralDiscountInfoMapper.m */,
				F3988283E8B8416FBE94F541 /* ROKOReferralCampaignInfo+ROKOReferralCampaignInfoMapper.m */,
				772A707B7EFF494AA0388BF5 /* ROKOPortalInfo+ROKOPortalInfoMapper.m */,
				14D6C92492F244E69CE8E9A0 /* ROKOUserObject+ROKOUserObjectMapper.m */,
				F724A7BC9B2442709A76E2A2 /* ROKOSessionInfo+ROKOSessionInfoMapper.m */,
				5EEF19A1F5654448877FE8A8 /* EKCoreDataImporter.m */,
				E098E640D3BE4DC0BB21F9DA /* EKManagedObjectMapper.m */,
				67DAA93599FF4C2DA4448F03 /* EKManagedObjectMapping.m */,
				0F31179CCD764B7993D71393 /* EKManagedObjectModel.m */,
				C4C8441E74734A8DB42B38A7 /* EKMapper.m */,
				55B76665845B49A28C458716 /* EKMappingBlocks.m */,
				7B150621FB67425782F4DBDD /* EKObjectMapping.m */,
				565CBA807CF34D09BEADC003 /* EKObjectModel.m */,
				BF58AA41EADA48338582D89F /* EKPropertyHelper.m */,
				F89A90B75F644AEA9AC1075B /* EKPropertyMapping.m */,
				303D63108A8946F584AF450E /* EKRelationshipMapping.m */,
				8B86B8E955E747488B923E3A /* EKSerializer.m */,
				61ABB9E8BBDF43B193562AC3 /* NSArray+FlattenArray.m */,
				3F47E521BF68491D8EDAC9B5 /* NSDateFormatter+EasyMappingAdditions.m */,
				01D8E1F6DBB24BE194E615F7 /* RMPHelper.h */,
				E22A94C94C974A569D7D93A5 /* RMPLinkManager.h */,
				635CD776A865449B9B743850 /* RMPShareManager.h */,
				431D3E9C38C24314A686B843 /* RMPLoggerManager.h */,
				D576E0B7CF4643E8BDCB255B /* RMPPromoManager.h */,
				91B209F431044F2588B93921 /* RMPReferralManager.h */,
				0DBC1DE07ABC4592BA6DDBB5 /* RMPPortalManager.h */,
				4A9468DCE109402E895A6D8F /* RMPPushManager.h */,
				1F8D066887084C6FB9289A4B /* ROKOLink+ROKOLinkMapper.h */,
				695B2D0BDF934929A18B608D /* ROKODiscountItem+ROKODiscountItemMapper.h */,
				250FBACC52ED4C80B8126DDE /* ROKOPromoDiscountItem+ROKOPromoDiscountItemMapper.h */,
				284E2E2D933640C2930235B6 /* ROKOReferralDiscountItem+ROKOReferralDiscountItemMapper.h */,
				4D009CF71DDE4E3A8EDB640C /* ROKOReferralDiscountInfo+ROKOReferralDiscountInfoMapper.h */,
				DC74465556E94E2588EC3C04 /* ROKOReferralCampaignInfo+ROKOReferralCampaignInfoMapper.h */,
				A8F4BE113B314A99A405FF19 /* ROKOPortalInfo+ROKOPortalInfoMapper.h */,
				FF5DE1A17BA24DDB9D3188C5 /* ROKOUserObject+ROKOUserObjectMapper.h */,
				D41A1807F4AF4083A584F396 /* ROKOSessionInfo+ROKOSessionInfoMapper.h */,
				118DB87A69EA44F5ABFC0543 /* EasyMapping.h */,
				0ACFBF09773B4DC2B6C02ECF /* EKCoreDataImporter.h */,
				69050660329648A3934036D2 /* EKManagedObjectMapper.h */,
				65F4B7CF2F8147478607500A /* EKManagedObjectMapping.h */,
				3B8D44F9DBE749968945EA5B /* EKManagedObjectModel.h */,
				3B6F113893114B1CB998A887 /* EKMapper.h */,
				B25535C2588144A2B81067C0 /* EKMappingBlocks.h */,
				D7E2AC6978DC4E1581F48A09 /* EKMappingProtocol.h */,
				4DD8082B0799475FA3F98D1B /* EKObjectMapping.h */,
				070A4FC901C1407B93406F88 /* EKObjectModel.h */,
				ADEB078DBF2D4DF39090699A /* EKPropertyHelper.h */,
				A8D5283392BD4C5DB08EF5E0 /* EKPropertyMapping.h */,
				355BD16B078046C7A0561550 /* EKRelationshipMapping.h */,
				22A5D77D344D4750A814F411 /* EKSerializer.h */,
				79245D1C905C4FA495E01EFA /* NSArray+FlattenArray.h */,
				64B41C48290B4BC78B09AD93 /* NSDateFormatter+EasyMappingAdditions.h */,
			);
			name = Plugins;
			path = "CordovaTest/Plugins";
			sourceTree = SOURCE_ROOT;
		};
		EB87FDF11871DA420020F90C /* Staging */ = {
			isa = PBXGroup;
			children = (
				F840E1F0165FE0F500CFE078 /* config.xml */,
				301BF56E109A69640062928A /* www */,
			);
			name = Staging;
			sourceTree = "<group>";
		};
/* End PBXGroup section */

/* Begin PBXNativeTarget section */
		1D6058900D05DD3D006BFB54 /* CordovaTest */ = {
			isa = PBXNativeTarget;
			buildConfigurationList = 1D6058960D05DD3E006BFB54 /* Build configuration list for PBXNativeTarget "CordovaTest" */;
			buildPhases = (
				304B58A110DAC018002A0835 /* Copy www directory */,
				1D60588D0D05DD3D006BFB54 /* Resources */,
				1D60588E0D05DD3D006BFB54 /* Sources */,
				1D60588F0D05DD3D006BFB54 /* Frameworks */,
			);
			buildRules = (
			);
			dependencies = (
				301BF551109A68C00062928A /* PBXTargetDependency */,
			);
			name = "CordovaTest";
			productName = "CordovaTest";
			productReference = 1D6058910D05DD3D006BFB54 /* CordovaTest.app */;
			productType = "com.apple.product-type.application";
		};
/* End PBXNativeTarget section */

/* Begin PBXProject section */
		29B97313FDCFA39411CA2CEA /* Project object */ = {
			isa = PBXProject;
			attributes = {
				LastUpgradeCheck = 510;
			};
			buildConfigurationList = C01FCF4E08A954540054247B /* Build configuration list for PBXProject "__NON-CLI__" */;
			compatibilityVersion = "Xcode 3.2";
			developmentRegion = English;
			hasScannedForEncodings = 1;
			mainGroup = 29B97314FDCFA39411CA2CEA /* CustomTemplate */;
			projectDirPath = "";
			projectReferences = (
				{
					ProductGroup = 301BF52E109A57CC0062928A /* Products */;
					ProjectRef = 301BF52D109A57CC0062928A /* CordovaLib.xcodeproj */;
				},
			);
			projectRoot = "";
			targets = (
				1D6058900D05DD3D006BFB54 /* CordovaTest */,
			);
		};
/* End PBXProject section */

/* Begin PBXReferenceProxy section */
		301BF535109A57CC0062928A /* libCordova.a */ = {
			isa = PBXReferenceProxy;
			fileType = archive.ar;
			path = libCordova.a;
			remoteRef = 301BF534109A57CC0062928A /* PBXContainerItemProxy */;
			sourceTree = BUILT_PRODUCTS_DIR;
		};
/* End PBXReferenceProxy section */

/* Begin PBXResourcesBuildPhase section */
		1D60588D0D05DD3D006BFB54 /* Resources */ = {
			isa = PBXResourcesBuildPhase;
			buildActionMask = 2147483647;
			files = (
				302D95F214D2391D003F00A1 /* MainViewController.xib in Resources */,
				0207DA581B56EA530066E2B4 /* Images.xcassets in Resources */,
			);
			runOnlyForDeploymentPostprocessing = 0;
		};
/* End PBXResourcesBuildPhase section */

/* Begin PBXShellScriptBuildPhase section */
		304B58A110DAC018002A0835 /* Copy www directory */ = {
			isa = PBXShellScriptBuildPhase;
			buildActionMask = 2147483647;
			files = (
			);
			inputPaths = (
			);
			name = "Copy www directory";
			outputPaths = (
			);
			runOnlyForDeploymentPostprocessing = 0;
			shellPath = /bin/sh;
			shellScript = "NODEJS_PATH=/usr/local/bin; NVM_NODE_PATH=~/.nvm/versions/node/`nvm version 2>/dev/null`/bin; N_NODE_PATH=`find /usr/local/n/versions/node/* -maxdepth 0 -type d 2>/dev/null | tail -1`/bin; XCODE_NODE_PATH=`xcode-select --print-path`/usr/share/xcs/Node/bin; PATH=$NODEJS_PATH:$NVM_NODE_PATH:$N_NODE_PATH:$XCODE_NODE_PATH:$PATH && node cordova/lib/copy-www-build-step.js";
			showEnvVarsInLog = 0;
		};
/* End PBXShellScriptBuildPhase section */

/* Begin PBXSourcesBuildPhase section */
		1D60588E0D05DD3D006BFB54 /* Sources */ = {
			isa = PBXSourcesBuildPhase;
			buildActionMask = 2147483647;
			files = (
				1D60589B0D05DD56006BFB54 /* main.m in Sources */,
				1D3623260D0F684500981E51 /* AppDelegate.m in Sources */,
				302D95F114D2391D003F00A1 /* MainViewController.m in Sources */,
				A4F83ABF0485486482118229 /* RMPHelper.m in Sources */,
				A66727F1959B4A52812CD03C /* RMPLinkManager.m in Sources */,
				91F90B83BFF54261BFF20617 /* RMPShareManager.m in Sources */,
				AB893B1989474C4887D92E35 /* RMPLoggerManager.m in Sources */,
				3431EA4B2FEC4A8DBA3FC463 /* RMPPromoManager.m in Sources */,
				AD824B231D2847599708E46C /* RMPReferralManager.m in Sources */,
				F02AA25A49864EAEB7380EC6 /* RMPPortalManager.m in Sources */,
				DC646B3501EA418BBD402C4C /* RMPPushManager.m in Sources */,
				44D54A07E44C4A519200AA6C /* ROKOLink+ROKOLinkMapper.m in Sources */,
				9241C4B113504D47A6D1F383 /* ROKODiscountItem+ROKODiscountItemMapper.m in Sources */,
				72F4D356C9244E9FA902EEAB /* ROKOPromoDiscountItem+ROKOPromoDiscountItemMapper.m in Sources */,
				D98D6502A6364F0980440311 /* ROKOReferralDiscountItem+ROKOReferralDiscountItemMapper.m in Sources */,
				A2A7160840CB4AA0B01C9FE8 /* ROKOReferralDiscountInfo+ROKOReferralDiscountInfoMapper.m in Sources */,
				0EE8DCB8B7FD41028003153E /* ROKOReferralCampaignInfo+ROKOReferralCampaignInfoMapper.m in Sources */,
				6452162FC53D42C89729FFA6 /* ROKOPortalInfo+ROKOPortalInfoMapper.m in Sources */,
				3C9F395E907E4EBFAA255CE7 /* ROKOUserObject+ROKOUserObjectMapper.m in Sources */,
				02F80733D471411B8004D128 /* ROKOSessionInfo+ROKOSessionInfoMapper.m in Sources */,
				AB403F1086FB4DEC836E30C2 /* EKCoreDataImporter.m in Sources */,
				B336074CBCF34B93AA42F2FA /* EKManagedObjectMapper.m in Sources */,
				E3E9867CC9BC4CD8BC2C244C /* EKManagedObjectMapping.m in Sources */,
				FD225998B6E14F3B99A9BC84 /* EKManagedObjectModel.m in Sources */,
				5BCB8CA3C49D43AA8C8F35D5 /* EKMapper.m in Sources */,
				B8F73A5EA37348FD8CA089AC /* EKMappingBlocks.m in Sources */,
				58AABDB4C8B6465C88BE3113 /* EKObjectMapping.m in Sources */,
				4C84AB59D29144A9AF25D6F3 /* EKObjectModel.m in Sources */,
				802314FFD2BF41EF9758E4BE /* EKPropertyHelper.m in Sources */,
				B4BCF41B2D694ECDB2F4877A /* EKPropertyMapping.m in Sources */,
				1DD2309F31374B7DB09BAA54 /* EKRelationshipMapping.m in Sources */,
				2EF07A80D33E48C68A5C7960 /* EKSerializer.m in Sources */,
				77689F1674724A2AB0B55BC1 /* NSArray+FlattenArray.m in Sources */,
				EBC8B342DDE2435683564B68 /* NSDateFormatter+EasyMappingAdditions.m in Sources */,
			);
			runOnlyForDeploymentPostprocessing = 0;
		};
/* End PBXSourcesBuildPhase section */

/* Begin PBXTargetDependency section */
		301BF551109A68C00062928A /* PBXTargetDependency */ = {
			isa = PBXTargetDependency;
			name = CordovaLib;
			targetProxy = 301BF550109A68C00062928A /* PBXContainerItemProxy */;
		};
/* End PBXTargetDependency section */

/* Begin XCBuildConfiguration section */
		1D6058940D05DD3E006BFB54 /* Debug */ = {
			isa = XCBuildConfiguration;
			baseConfigurationReference = 3047A50F1AB8059700498E2A /* build-debug.xcconfig */;
			buildSettings = {
				ALWAYS_SEARCH_USER_PATHS = NO;
				ASSETCATALOG_COMPILER_APPICON_NAME = AppIcon;
				ASSETCATALOG_COMPILER_LAUNCHIMAGE_NAME = LaunchImage;
				CLANG_ENABLE_MODULES = YES;
				CLANG_ENABLE_OBJC_ARC = YES;
				COPY_PHASE_STRIP = NO;
				GCC_DYNAMIC_NO_PIC = NO;
				GCC_OPTIMIZATION_LEVEL = 0;
				GCC_PRECOMPILE_PREFIX_HEADER = YES;
				GCC_PREFIX_HEADER = "CordovaTest/CordovaTest-Prefix.pch";
				GCC_THUMB_SUPPORT = NO;
				GCC_VERSION = "";
				INFOPLIST_FILE = "CordovaTest/CordovaTest-Info.plist";
				LD_RUNPATH_SEARCH_PATHS = "@executable_path/Frameworks";
				PRODUCT_NAME = "CordovaTest";
				FRAMEWORK_SEARCH_PATHS = (
					"$(inherited)",
					"\"CordovaTest/Plugins/com.rokolabs.rokomobi\"",
					"\"CordovaTest/Plugins/com.rokolabs.rokomobi\"",
				);
			};
			name = Debug;
		};
		1D6058950D05DD3E006BFB54 /* Release */ = {
			isa = XCBuildConfiguration;
			baseConfigurationReference = 3047A5101AB8059700498E2A /* build-release.xcconfig */;
			buildSettings = {
				ALWAYS_SEARCH_USER_PATHS = NO;
				ASSETCATALOG_COMPILER_APPICON_NAME = AppIcon;
				ASSETCATALOG_COMPILER_LAUNCHIMAGE_NAME = LaunchImage;
				CLANG_ENABLE_MODULES = YES;
				CLANG_ENABLE_OBJC_ARC = YES;
				COPY_PHASE_STRIP = YES;
				GCC_PRECOMPILE_PREFIX_HEADER = YES;
				GCC_PREFIX_HEADER = "CordovaTest/CordovaTest-Prefix.pch";
				GCC_THUMB_SUPPORT = NO;
				GCC_VERSION = "";
				INFOPLIST_FILE = "CordovaTest/CordovaTest-Info.plist";
				PRODUCT_NAME = "CordovaTest";
				FRAMEWORK_SEARCH_PATHS = (
					"$(inherited)",
					"\"CordovaTest/Plugins/com.rokolabs.rokomobi\"",
					"\"CordovaTest/Plugins/com.rokolabs.rokomobi\"",
				);
			};
			name = Release;
		};
		C01FCF4F08A954540054247B /* Debug */ = {
			isa = XCBuildConfiguration;
			baseConfigurationReference = 3047A5111AB8059700498E2A /* build.xcconfig */;
			buildSettings = {
				CLANG_ENABLE_MODULES = YES;
				CLANG_ENABLE_OBJC_ARC = YES;
				CLANG_WARN_BOOL_CONVERSION = YES;
				CLANG_WARN_CONSTANT_CONVERSION = YES;
				CLANG_WARN_EMPTY_BODY = YES;
				CLANG_WARN_ENUM_CONVERSION = YES;
				CLANG_WARN_INT_CONVERSION = YES;
				CLANG_WARN__DUPLICATE_METHOD_MATCH = YES;
				GCC_C_LANGUAGE_STANDARD = c99;
				GCC_THUMB_SUPPORT = NO;
				GCC_VERSION = "";
				GCC_WARN_ABOUT_RETURN_TYPE = YES;
				GCC_WARN_UNDECLARED_SELECTOR = YES;
				GCC_WARN_UNINITIALIZED_AUTOS = YES;
				GCC_WARN_UNUSED_FUNCTION = YES;
				GCC_WARN_UNUSED_VARIABLE = YES;
				ONLY_ACTIVE_ARCH = YES;
				SDKROOT = iphoneos;
				SKIP_INSTALL = NO;
			};
			name = Debug;
		};
		C01FCF5008A954540054247B /* Release */ = {
			isa = XCBuildConfiguration;
			baseConfigurationReference = 3047A5111AB8059700498E2A /* build.xcconfig */;
			buildSettings = {
				CLANG_ENABLE_MODULES = YES;
				CLANG_ENABLE_OBJC_ARC = YES;
				CLANG_WARN_BOOL_CONVERSION = YES;
				CLANG_WARN_CONSTANT_CONVERSION = YES;
				CLANG_WARN_EMPTY_BODY = YES;
				CLANG_WARN_ENUM_CONVERSION = YES;
				CLANG_WARN_INT_CONVERSION = YES;
				CLANG_WARN__DUPLICATE_METHOD_MATCH = YES;
				GCC_C_LANGUAGE_STANDARD = c99;
				GCC_THUMB_SUPPORT = NO;
				GCC_VERSION = "";
				GCC_WARN_ABOUT_RETURN_TYPE = YES;
				GCC_WARN_UNDECLARED_SELECTOR = YES;
				GCC_WARN_UNINITIALIZED_AUTOS = YES;
				GCC_WARN_UNUSED_FUNCTION = YES;
				GCC_WARN_UNUSED_VARIABLE = YES;
				SDKROOT = iphoneos;
				SKIP_INSTALL = NO;
			};
			name = Release;
		};
/* End XCBuildConfiguration section */

/* Begin XCConfigurationList section */
		1D6058960D05DD3E006BFB54 /* Build configuration list for PBXNativeTarget "CordovaTest" */ = {
			isa = XCConfigurationList;
			buildConfigurations = (
				1D6058940D05DD3E006BFB54 /* Debug */,
				1D6058950D05DD3E006BFB54 /* Release */,
			);
			defaultConfigurationIsVisible = 0;
			defaultConfigurationName = Release;
		};
		C01FCF4E08A954540054247B /* Build configuration list for PBXProject "__NON-CLI__" */ = {
			isa = XCConfigurationList;
			buildConfigurations = (
				C01FCF4F08A954540054247B /* Debug */,
				C01FCF5008A954540054247B /* Release */,
			);
			defaultConfigurationIsVisible = 0;
			defaultConfigurationName = Release;
		};
/* End XCConfigurationList section */
	};
	rootObject = 29B97313FDCFA39411CA2CEA /* Project object */;
}
